github.com/McShelby/hugo-theme-relearn v0.0.0-20240412153031-77ed3f431ae6 h1:/oJn+rGYNVrTBKmVRPJdjBlxytcNpMa5Xjrq66OMHaw=
github.com/McShelby/hugo-theme-relearn v0.0.0-20240412153031-77ed3f431ae6/go.mod h1:mKQQdxZNIlLvAj8X3tMq+RzntIJSr9z7XdzuMomt0IM=
github.com/McShelby/hugo-theme-relearn v0.0.0-20240813165109-82a5e9876c67 h1:7/GfOatmt5ff0fDOJ8E5TwERStZJ+ZkAdVgUWeKJ2GQ=
github.com/McShelby/hugo-theme-relearn v0.0.0-20240813165109-82a5e9876c67/go.mod h1:mKQQdxZNIlLvAj8X3tMq+RzntIJSr9z7XdzuMomt0IM=
github.com/kamar535/hugo-theme-relearn-tweaks v0.0.0-20240417150031-23d80d256210 h1:H0DHzxeiq2L35fmLir+ilAzYycclIk0UWhu8sDXL/HM=
github.com/kamar535/hugo-theme-relearn-tweaks v0.0.0-20240417150031-23d80d256210/go.mod h1:DZ4qutxqnna9qkb4xowcXdjWNT7aQ6u35jea777sYjA=
github.com/kamar535/hugo-theme-relearn-tweaks v0.0.0-20240417150947-917cd56e09bc h1:5coK5+IplV6+dZEJv5ZgsAj+ag4X94GiYZb0Tu4xjEM=
github.com/kamar535/hugo-theme-relearn-tweaks v0.0.0-20240417150947-917cd56e09bc/go.mod h1:ifDlxi0QeMsKiUF4FNQRX2RFR0QwyyXlwQ5Bz9xMOg8=
github.com/kamar535/hugo-theme-relearn-tweaks v0.0.0-20240418135540-30190012a8cd h1:m767aVpYbfyzzSArIcjeev29QMs+DlM3lUc79LI0MfM=
github.com/kamar535/hugo-theme-relearn-tweaks v0.0.0-20240418135540-30190012a8cd/go.mod h1:ifDlxi0QeMsKiUF4FNQRX2RFR0QwyyXlwQ5Bz9xMOg8=
github.com/kamar535/hugo-theme-relearn-tweaks v0.0.0-20240418140436-eeab2d15056d h1:qZ22lBkNi9dsrRdLHmU/CSyGe6ypUwWwyXkqfh65Vk0=
github.com/kamar535/hugo-theme-relearn-tweaks v0.0.0-20240418140436-eeab2d15056d/go.mod h1:ifDlxi0QeMsKiUF4FNQRX2RFR0QwyyXlwQ5Bz9xMOg8=
github.com/kamar535/hugo-theme-relearn-tweaks v0.0.0-20240816135734-a22a0d659a7f h1:j9Gc1szOfIeKS4NiLnR/jvajO9dWHTTkz+olSmgimHQ=
github.com/kamar535/hugo-theme-relearn-tweaks v0.0.0-20240816135734-a22a0d659a7f/go.mod h1:ifDlxi0QeMsKiUF4FNQRX2RFR0QwyyXlwQ5Bz9xMOg8=
github.com/kamar535/hugo-theme-relearn-tweaks v0.0.0-20240816140612-bd11e8d63d87 h1:ezNVt/jxJ8Q4qTnaM/mFvuZHPmYQF7dsWpkpr1Y4RuI=
github.com/kamar535/hugo-theme-relearn-tweaks v0.0.0-20240816140612-bd11e8d63d87/go.mod h1:ifDlxi0QeMsKiUF4FNQRX2RFR0QwyyXlwQ5Bz9xMOg8=
github.com/kamar535/hugo-theme-relearn-tweaks v0.0.0-20240816141922-264a1bdd790e h1:mcI6BWUQheNzBOl3aAe8/H0SyyX8vqs2r00uVOgEzLQ=
github.com/kamar535/hugo-theme-relearn-tweaks v0.0.0-20240816141922-264a1bdd790e/go.mod h1:ifDlxi0QeMsKiUF4FNQRX2RFR0QwyyXlwQ5Bz9xMOg8=
github.com/kamar535/hugo-theme-relearn-tweaks v0.0.0-20240816142327-8be3b38a0e79 h1:ON6Qow6rAftXbmgCCLPmTOefOBh173E4u2XJeE8WbZk=
github.com/kamar535/hugo-theme-relearn-tweaks v0.0.0-20240816142327-8be3b38a0e79/go.mod h1:ifDlxi0QeMsKiUF4FNQRX2RFR0QwyyXlwQ5Bz9xMOg8=
github.com/kamar535/hugo-theme-relearn-tweaks v0.0.0-20240816155031-ebc04a643c2d h1:jljN6OUHPqMq/bugan9J2Wwrccmpbiunwbm02YOwjJE=
github.com/kamar535/hugo-theme-relearn-tweaks v0.0.0-20240816155031-ebc04a643c2d/go.mod h1:ifDlxi0QeMsKiUF4FNQRX2RFR0QwyyXlwQ5Bz9xMOg8=
