github.com/McShelby/hugo-theme-relearn v0.0.0-20250716233834-d73f7699a601 h1:PTo+LfZVAzOI0P2uP1XU4zFrFLcNAxkdeVLLT4Dzbhc=
github.com/McShelby/hugo-theme-relearn v0.0.0-20250716233834-d73f7699a601/go.mod h1:mKQQdxZNIlLvAj8X3tMq+RzntIJSr9z7XdzuMomt0IM=
github.com/kamar535/hugo-theme-relearn-tweaks v0.0.0-20250820131617-2f806183b3ef h1:8r/dUShD9wHkR4kDDooGcugmKiCKiEiTUn+d+QXatW0=
github.com/kamar535/hugo-theme-relearn-tweaks v0.0.0-20250820131617-2f806183b3ef/go.mod h1:ifDlxi0QeMsKiUF4FNQRX2RFR0QwyyXlwQ5Bz9xMOg8=
